<?xml version="1.0" encoding="utf-8"?>
<Project ToolsVersion="4.0" xmlns="http://schemas.microsoft.com/developer/msbuild/2003">
  <ItemGroup>
    <Filter Include="源文件">
      <UniqueIdentifier>{4FC737F1-C7A5-4376-A066-2A32D752A2FF}</UniqueIdentifier>
      <Extensions>cpp;c;cc;cxx;def;odl;idl;hpj;bat;asm;asmx</Extensions>
    </Filter>
    <Filter Include="头文件">
      <UniqueIdentifier>{93995380-89BD-4b04-88EB-625FBE52EBFB}</UniqueIdentifier>
      <Extensions>h;hh;hpp;hxx;hm;inl;inc;xsd</Extensions>
    </Filter>
    <Filter Include="资源文件">
      <UniqueIdentifier>{67DA6AB6-F800-4c08-8B7A-83BB121AAD01}</UniqueIdentifier>
      <Extensions>rc;ico;cur;bmp;dlg;rc2;rct;bin;rgs;gif;jpg;jpeg;jpe;resx;tiff;tif;png;wav;mfcribbon-ms</Extensions>
    </Filter>
    <Filter Include="app">
      <UniqueIdentifier>{ddbfb6d6-5cbc-4a73-8dde-ba4db7d277fe}</UniqueIdentifier>
    </Filter>
    <Filter Include="common">
      <UniqueIdentifier>{0e4fe848-b06d-45c3-aa2f-6e8c48dc3b3d}</UniqueIdentifier>
    </Filter>
    <Filter Include="drv">
      <UniqueIdentifier>{c4b54a1b-9796-4bfd-b2c8-1d68c91879f1}</UniqueIdentifier>
    </Filter>
    <Filter Include="app\prih">
      <UniqueIdentifier>{dc1c1103-d66d-4c63-bcf3-2b8f22af2ee3}</UniqueIdentifier>
    </Filter>
    <Filter Include="app\port">
      <UniqueIdentifier>{76c6035b-541b-4718-b563-6a486182fb5c}</UniqueIdentifier>
    </Filter>
    <Filter Include="app\pubh">
      <UniqueIdentifier>{f18c3aa1-aba3-4723-a41d-5613ffa722c4}</UniqueIdentifier>
    </Filter>
    <Filter Include="app\source">
      <UniqueIdentifier>{7d38b167-e648-4985-85a4-33bba9e7ae1e}</UniqueIdentifier>
    </Filter>
    <Filter Include="common\prih">
      <UniqueIdentifier>{2a0886e5-1259-4f9b-9534-35796ba6ae6c}</UniqueIdentifier>
    </Filter>
    <Filter Include="common\port">
      <UniqueIdentifier>{6381bb00-a22d-4446-bbb3-8d2563098682}</UniqueIdentifier>
    </Filter>
    <Filter Include="common\pubh">
      <UniqueIdentifier>{a74d81da-6eff-4cfd-b988-a6ea49dfc06a}</UniqueIdentifier>
    </Filter>
    <Filter Include="common\source">
      <UniqueIdentifier>{3d6bd1c8-eb32-4b1d-a505-05d7d3adc3c0}</UniqueIdentifier>
    </Filter>
    <Filter Include="drv\prih">
      <UniqueIdentifier>{20fc0ec5-d40d-483e-827c-fd46175eb918}</UniqueIdentifier>
    </Filter>
    <Filter Include="drv\port">
      <UniqueIdentifier>{37c5524b-c4fd-40f3-8bc4-177882f8cb8f}</UniqueIdentifier>
    </Filter>
    <Filter Include="drv\pubh">
      <UniqueIdentifier>{78dc34f6-53ca-4272-9ab8-688a831b375f}</UniqueIdentifier>
    </Filter>
    <Filter Include="drv\source">
      <UniqueIdentifier>{a6cb6662-fc05-4ea7-a3c1-a6a80b0f3e9b}</UniqueIdentifier>
    </Filter>
  </ItemGroup>
  <ItemGroup>
    <Text Include="ReadMe.txt" />
  </ItemGroup>
  <ItemGroup>
    <ClInclude Include="stdafx.h">
      <Filter>头文件</Filter>
    </ClInclude>
    <ClInclude Include="targetver.h">
      <Filter>头文件</Filter>
    </ClInclude>
    <ClInclude Include="resource.h">
      <Filter>头文件</Filter>
    </ClInclude>
    <ClInclude Include="common\pubh\rf_cmdutil.h">
      <Filter>common\pubh</Filter>
    </ClInclude>
    <ClInclude Include="common\pubh\message.h">
      <Filter>common\pubh</Filter>
    </ClInclude>
    <ClInclude Include="common\pubh\actionexecutor_if.h">
      <Filter>common\pubh</Filter>
    </ClInclude>
    <ClInclude Include="common\pubh\actionexecutor.h">
      <Filter>common\pubh</Filter>
    </ClInclude>
    <ClInclude Include="common\pubh\comm_stream.h">
      <Filter>头文件</Filter>
    </ClInclude>
    <ClInclude Include="common\pubh\cmd_handler_if.h">
      <Filter>头文件</Filter>
    </ClInclude>
    <ClInclude Include="common\pubh\dump_if.h">
      <Filter>头文件</Filter>
    </ClInclude>
    <ClInclude Include="common\pubh\wlan_base_info.h">
      <Filter>头文件</Filter>
    </ClInclude>
    <ClInclude Include="wlan\devservice\pubh\wlan_dev_service_if.h">
      <Filter>头文件</Filter>
    </ClInclude>
    <ClInclude Include="wlan\devservice\pubh\wlan_dev_service.h">
      <Filter>头文件</Filter>
    </ClInclude>
    <ClInclude Include="common\taskschedule\pubh\active_object_engine.h">
      <Filter>头文件</Filter>
    </ClInclude>
    <ClInclude Include="common\taskschedule\pubh\delay_and_repeat.h">
      <Filter>头文件</Filter>
    </ClInclude>
    <ClInclude Include="common\taskschedule\pubh\sleep_command.h">
      <Filter>头文件</Filter>
    </ClInclude>
    <ClInclude Include="common\taskschedule\pubh\runnable_if.h">
      <Filter>头文件</Filter>
    </ClInclude>
    <ClInclude Include="common\taskschedule\pubh\thread_creator.h">
      <Filter>头文件</Filter>
    </ClInclude>
    <ClInclude Include="common\taskschedule\prih\window_thread_creator.h">
      <Filter>头文件</Filter>
    </ClInclude>
    <ClInclude Include="wlan\devservice\prih\wlan_insmod_tool.h">
      <Filter>头文件</Filter>
    </ClInclude>
    <ClInclude Include="wlan\devservice\prih\wlan_dev_probe.h">
      <Filter>头文件</Filter>
    </ClInclude>
    <ClInclude Include="adapter\pubh\wlan_dev_if.h">
      <Filter>头文件</Filter>
    </ClInclude>
    <ClInclude Include="common\eventsource\pubh\event_listener_if.h">
      <Filter>common\pubh</Filter>
    </ClInclude>
    <ClInclude Include="common\eventsource\pubh\event_single_source_if.h">
      <Filter>头文件</Filter>
    </ClInclude>
    <ClInclude Include="common\eventsource\pubh\event_source_if.h">
      <Filter>common\pubh</Filter>
    </ClInclude>
    <ClInclude Include="common\eventsource\pubh\event_source.h">
      <Filter>common\pubh</Filter>
    </ClInclude>
    <ClInclude Include="common\eventsource\pubh\event_single_source.h">
      <Filter>头文件</Filter>
    </ClInclude>
    <ClInclude Include="common\taskschedule\pubh\command_if.h">
      <Filter>common\pubh</Filter>
    </ClInclude>
    <ClInclude Include="common\pubh\comm_cmdcode.h">
      <Filter>头文件</Filter>
    </ClInclude>
    <ClInclude Include="adapter\prih\wlan_dev_mock.h">
      <Filter>头文件</Filter>
    </ClInclude>
    <ClInclude Include="common\taskschedule\pubh\scheduled_command.h">
      <Filter>头文件</Filter>
    </ClInclude>
    <ClInclude Include="common\pubh\define.h">
      <Filter>头文件</Filter>
    </ClInclude>
    <ClInclude Include="wlan\manager\pubh\wlan_manager_if.h">
      <Filter>头文件</Filter>
    </ClInclude>
    <ClInclude Include="wlan\manager\prih\wlan_cmd_callback.h">
      <Filter>头文件</Filter>
    </ClInclude>
    <ClInclude Include="wlan\manager\prih\wlan_manager.h">
      <Filter>头文件</Filter>
    </ClInclude>
    <ClInclude Include="wlan\pubh\wlan_business_logic_layer.h">
      <Filter>头文件</Filter>
    </ClInclude>
    <ClInclude Include="wlan\pubh\wlan_business_logic_layer_if.h">
      <Filter>app\prih</Filter>
    </ClInclude>
    <ClInclude Include="wlan\virtualobject\pubh\wlan_virtual_port_if.h">
      <Filter>头文件</Filter>
    </ClInclude>
    <ClInclude Include="wlan\virtualobject\prih\wlan_virtual_ap_mode_board.h">
      <Filter>头文件</Filter>
    </ClInclude>
    <ClInclude Include="wlan\virtualobject\prih\wlan_virtual_relay_mode_board.h">
      <Filter>头文件</Filter>
    </ClInclude>
    <ClInclude Include="wlan\virtualobject\prih\wlan_virtual_rt_mode_board.h">
      <Filter>头文件</Filter>
    </ClInclude>
    <ClInclude Include="wlan\pubh\cmd_dispatcher.h">
      <Filter>头文件</Filter>
    </ClInclude>
    <ClInclude Include="wlan\virtualobject\pubh\wlan_virtual_board_if.h">
      <Filter>头文件</Filter>
    </ClInclude>
    <ClInclude Include="wlan\virtualobject\pubh\wlan_virtual_board.h">
      <Filter>头文件</Filter>
    </ClInclude>
    <ClInclude Include="common\pubh\comm_type_def.h">
      <Filter>头文件</Filter>
    </ClInclude>
    <ClInclude Include="wlan\virtualobject\pubh\wlan_virtual_port.h">
      <Filter>头文件</Filter>
    </ClInclude>
  </ItemGroup>
  <ItemGroup>
    <ClCompile Include="stdafx.cpp">
      <Filter>源文件</Filter>
    </ClCompile>
    <ClCompile Include="rfproject.cpp">
      <Filter>源文件</Filter>
    </ClCompile>
    <ClCompile Include="common\source\rf_cmdutil.cpp">
      <Filter>源文件</Filter>
    </ClCompile>
    <ClCompile Include="wlan\devservice\source\wlan_dev_service.cpp">
      <Filter>源文件</Filter>
    </ClCompile>
    <ClCompile Include="common\taskschedule\source\active_object_engine.cpp">
      <Filter>源文件</Filter>
    </ClCompile>
    <ClCompile Include="common\taskschedule\source\delay_and_repeat.cpp">
      <Filter>源文件</Filter>
    </ClCompile>
    <ClCompile Include="common\taskschedule\source\sleep_command.cpp">
      <Filter>源文件</Filter>
    </ClCompile>
    <ClCompile Include="common\taskschedule\source\window_thread_creator.cpp">
      <Filter>源文件</Filter>
    </ClCompile>
    <ClCompile Include="wlan\devservice\source\wlan_dev_probe.cpp">
      <Filter>源文件</Filter>
    </ClCompile>
    <ClCompile Include="common\eventsource\source\event_single_source.cpp">
      <Filter>源文件</Filter>
    </ClCompile>
    <ClCompile Include="common\eventsource\source\event_source.cpp">
      <Filter>源文件</Filter>
    </ClCompile>
    <ClCompile Include="adapter\source\wlan_dev_mock.cpp">
      <Filter>源文件</Filter>
    </ClCompile>
    <ClCompile Include="common\taskschedule\source\scheduled_command.cpp">
      <Filter>源文件</Filter>
    </ClCompile>
    <ClCompile Include="wlan\manager\source\wlan_manager.cpp">
      <Filter>源文件</Filter>
    </ClCompile>
    <ClCompile Include="wlan\manager\source\wlan_cmd_callback.cpp">
      <Filter>源文件</Filter>
    </ClCompile>
    <ClCompile Include="wlan\virtualobject\source\wlan_virtual_relay_mode_board.cpp">
      <Filter>源文件</Filter>
    </ClCompile>
    <ClCompile Include="wlan\virtualobject\source\wlan_virtual_ap_mode_board.cpp">
      <Filter>源文件</Filter>
    </ClCompile>
    <ClCompile Include="wlan\virtualobject\source\wlan_virtual_port.cpp">
      <Filter>源文件</Filter>
    </ClCompile>
    <ClCompile Include="wlan\virtualobject\source\wlan_virtual_rt_mode_board.cpp">
      <Filter>源文件</Filter>
    </ClCompile>
    <ClCompile Include="wlan\virtualobject\source\wlan_virtual_board.cpp">
      <Filter>源文件</Filter>
    </ClCompile>
  </ItemGroup>
  <ItemGroup>
    <ResourceCompile Include="rfproject.rc">
      <Filter>资源文件</Filter>
    </ResourceCompile>
  </ItemGroup>
  <ItemGroup>
    <None Include="rfproject.aps" />
  </ItemGroup>
</Project>