<?xml version="1.0" encoding="utf-8"?>
<Project ToolsVersion="4.0" xmlns="http://schemas.microsoft.com/developer/msbuild/2003">
  <ItemGroup>
    <Filter Include="源文件">
      <UniqueIdentifier>{4FC737F1-C7A5-4376-A066-2A32D752A2FF}</UniqueIdentifier>
      <Extensions>cpp;c;cc;cxx;def;odl;idl;hpj;bat;asm;asmx</Extensions>
    </Filter>
    <Filter Include="头文件">
      <UniqueIdentifier>{93995380-89BD-4b04-88EB-625FBE52EBFB}</UniqueIdentifier>
      <Extensions>h;hh;hpp;hxx;hm;inl;inc;xsd</Extensions>
    </Filter>
    <Filter Include="资源文件">
      <UniqueIdentifier>{67DA6AB6-F800-4c08-8B7A-83BB121AAD01}</UniqueIdentifier>
      <Extensions>rc;ico;cur;bmp;dlg;rc2;rct;bin;rgs;gif;jpg;jpeg;jpe;resx;tiff;tif;png;wav;mfcribbon-ms</Extensions>
    </Filter>
    <Filter Include="app">
      <UniqueIdentifier>{ddbfb6d6-5cbc-4a73-8dde-ba4db7d277fe}</UniqueIdentifier>
    </Filter>
    <Filter Include="common">
      <UniqueIdentifier>{0e4fe848-b06d-45c3-aa2f-6e8c48dc3b3d}</UniqueIdentifier>
    </Filter>
    <Filter Include="drv">
      <UniqueIdentifier>{c4b54a1b-9796-4bfd-b2c8-1d68c91879f1}</UniqueIdentifier>
    </Filter>
    <Filter Include="app\prih">
      <UniqueIdentifier>{dc1c1103-d66d-4c63-bcf3-2b8f22af2ee3}</UniqueIdentifier>
    </Filter>
    <Filter Include="app\port">
      <UniqueIdentifier>{76c6035b-541b-4718-b563-6a486182fb5c}</UniqueIdentifier>
    </Filter>
    <Filter Include="app\pubh">
      <UniqueIdentifier>{f18c3aa1-aba3-4723-a41d-5613ffa722c4}</UniqueIdentifier>
    </Filter>
    <Filter Include="app\source">
      <UniqueIdentifier>{7d38b167-e648-4985-85a4-33bba9e7ae1e}</UniqueIdentifier>
    </Filter>
    <Filter Include="common\prih">
      <UniqueIdentifier>{2a0886e5-1259-4f9b-9534-35796ba6ae6c}</UniqueIdentifier>
    </Filter>
    <Filter Include="common\port">
      <UniqueIdentifier>{6381bb00-a22d-4446-bbb3-8d2563098682}</UniqueIdentifier>
    </Filter>
    <Filter Include="common\pubh">
      <UniqueIdentifier>{a74d81da-6eff-4cfd-b988-a6ea49dfc06a}</UniqueIdentifier>
    </Filter>
    <Filter Include="common\source">
      <UniqueIdentifier>{3d6bd1c8-eb32-4b1d-a505-05d7d3adc3c0}</UniqueIdentifier>
    </Filter>
    <Filter Include="drv\prih">
      <UniqueIdentifier>{20fc0ec5-d40d-483e-827c-fd46175eb918}</UniqueIdentifier>
    </Filter>
    <Filter Include="drv\port">
      <UniqueIdentifier>{37c5524b-c4fd-40f3-8bc4-177882f8cb8f}</UniqueIdentifier>
    </Filter>
    <Filter Include="drv\pubh">
      <UniqueIdentifier>{78dc34f6-53ca-4272-9ab8-688a831b375f}</UniqueIdentifier>
    </Filter>
    <Filter Include="drv\source">
      <UniqueIdentifier>{a6cb6662-fc05-4ea7-a3c1-a6a80b0f3e9b}</UniqueIdentifier>
    </Filter>
  </ItemGroup>
  <ItemGroup>
    <Text Include="ReadMe.txt" />
  </ItemGroup>
  <ItemGroup>
    <ClInclude Include="stdafx.h">
      <Filter>头文件</Filter>
    </ClInclude>
    <ClInclude Include="targetver.h">
      <Filter>头文件</Filter>
    </ClInclude>
    <ClInclude Include="resource.h">
      <Filter>头文件</Filter>
    </ClInclude>
    <ClInclude Include="app\prih\rf_loop.h">
      <Filter>app\prih</Filter>
    </ClInclude>
    <ClInclude Include="app\prih\rf_main.h">
      <Filter>app\prih</Filter>
    </ClInclude>
    <ClInclude Include="app\prih\rf_mute.h">
      <Filter>app\prih</Filter>
    </ClInclude>
    <ClInclude Include="common\pubh\rf_action_if.h">
      <Filter>common\pubh</Filter>
    </ClInclude>
    <ClInclude Include="common\pubh\rf_actionexecutor.h">
      <Filter>common\pubh</Filter>
    </ClInclude>
    <ClInclude Include="common\pubh\rf_actionexecutor_if.h">
      <Filter>common\pubh</Filter>
    </ClInclude>
    <ClInclude Include="common\pubh\rf_cmdutil.h">
      <Filter>common\pubh</Filter>
    </ClInclude>
    <ClInclude Include="common\pubh\rf_event.h">
      <Filter>common\pubh</Filter>
    </ClInclude>
    <ClInclude Include="common\pubh\rf_eventlistener_if.h">
      <Filter>common\pubh</Filter>
    </ClInclude>
    <ClInclude Include="common\pubh\rf_eventsource.h">
      <Filter>common\pubh</Filter>
    </ClInclude>
    <ClInclude Include="common\pubh\rf_eventsource_if.h">
      <Filter>common\pubh</Filter>
    </ClInclude>
    <ClInclude Include="common\pubh\define.h">
      <Filter>common\pubh</Filter>
    </ClInclude>
    <ClInclude Include="common\pubh\rf_dump_if.h">
      <Filter>common\pubh</Filter>
    </ClInclude>
    <ClInclude Include="drv\prih\rf_prtclmgr_base.h">
      <Filter>drv\prih</Filter>
    </ClInclude>
    <ClInclude Include="drv\pubh\rf_communication_if.h">
      <Filter>drv\pubh</Filter>
    </ClInclude>
    <ClInclude Include="drv\pubh\cmdpackage.h">
      <Filter>drv\pubh</Filter>
    </ClInclude>
    <ClInclude Include="drv\port\rf_async_communication.h">
      <Filter>drv\port</Filter>
    </ClInclude>
    <ClInclude Include="app\prih\rf_business_logic_layer.h">
      <Filter>头文件</Filter>
    </ClInclude>
    <ClInclude Include="drv\prih\rf_cmdswap.h">
      <Filter>头文件</Filter>
    </ClInclude>
    <ClInclude Include="app\prih\rf_acm.h">
      <Filter>头文件</Filter>
    </ClInclude>
    <ClInclude Include="app\prih\rf_anten.h">
      <Filter>头文件</Filter>
    </ClInclude>
    <ClInclude Include="app\prih\rf_atpc.h">
      <Filter>头文件</Filter>
    </ClInclude>
    <ClInclude Include="app\prih\rf_dpd.h">
      <Filter>头文件</Filter>
    </ClInclude>
    <ClInclude Include="app\prih\rf_fademargin.h">
      <Filter>头文件</Filter>
    </ClInclude>
    <ClInclude Include="app\prih\rf_freqscan_base.h">
      <Filter>头文件</Filter>
    </ClInclude>
    <ClInclude Include="app\prih\rf_maincfg.h">
      <Filter>头文件</Filter>
    </ClInclude>
    <ClInclude Include="app\prih\rf_oam.h">
      <Filter>头文件</Filter>
    </ClInclude>
    <ClInclude Include="app\prih\rf_softmgr.h">
      <Filter>头文件</Filter>
    </ClInclude>
    <ClInclude Include="app\pubh\rf_softmgr_if.h">
      <Filter>头文件</Filter>
    </ClInclude>
    <ClInclude Include="app\prih\rf_cfgalm.h">
      <Filter>头文件</Filter>
    </ClInclude>
    <ClInclude Include="common\pubh\rf_err_def.h">
      <Filter>头文件</Filter>
    </ClInclude>
    <ClInclude Include="app\pubh\rf_business_logic_layer_if.h">
      <Filter>app\prih</Filter>
    </ClInclude>
    <ClInclude Include="app\port\rf_freqscan.h">
      <Filter>头文件</Filter>
    </ClInclude>
    <ClInclude Include="app\port\rf_freqscan_ex.h">
      <Filter>头文件</Filter>
    </ClInclude>
    <ClInclude Include="common\pubh\rf_tr_basicinfo.h">
      <Filter>头文件</Filter>
    </ClInclude>
    <ClInclude Include="app\prih\rf_almper.h">
      <Filter>头文件</Filter>
    </ClInclude>
    <ClInclude Include="app\prih\rf_notify.h">
      <Filter>头文件</Filter>
    </ClInclude>
    <ClInclude Include="app\prih\rf_cmdhandler_if.h">
      <Filter>头文件</Filter>
    </ClInclude>
    <ClInclude Include="common\pubh\rf_tr_cfg.h">
      <Filter>头文件</Filter>
    </ClInclude>
    <ClInclude Include="common\pubh\rf_tr_status.h">
      <Filter>头文件</Filter>
    </ClInclude>
    <ClInclude Include="app\prih\rf_controlmediator.h">
      <Filter>头文件</Filter>
    </ClInclude>
    <ClInclude Include="app\pubh\rf_controlmediator_if.h">
      <Filter>头文件</Filter>
    </ClInclude>
    <ClInclude Include="drv\port\rf_async_prtclmgr_diff_rtn310.h">
      <Filter>drv\port</Filter>
    </ClInclude>
    <ClInclude Include="drv\port\rf_async_prtclmgr_diff_rtn380R1.h">
      <Filter>drv\port</Filter>
    </ClInclude>
    <ClInclude Include="drv\prih\rf_cmdlist.h">
      <Filter>drv\prih</Filter>
    </ClInclude>
    <ClInclude Include="app\prih\rf_cmd_dispatcher.h">
      <Filter>头文件</Filter>
    </ClInclude>
  </ItemGroup>
  <ItemGroup>
    <ClCompile Include="stdafx.cpp">
      <Filter>源文件</Filter>
    </ClCompile>
    <ClCompile Include="rfproject.cpp">
      <Filter>源文件</Filter>
    </ClCompile>
    <ClCompile Include="app\source\rf_loop.cpp">
      <Filter>app\source</Filter>
    </ClCompile>
    <ClCompile Include="app\source\rf_main.cpp">
      <Filter>app\source</Filter>
    </ClCompile>
    <ClCompile Include="app\source\rf_mute.cpp">
      <Filter>app\source</Filter>
    </ClCompile>
    <ClCompile Include="drv\source\rf_prtclmgr_base.cpp">
      <Filter>drv\source</Filter>
    </ClCompile>
    <ClCompile Include="drv\port\rf_async_communication.cpp">
      <Filter>drv\port</Filter>
    </ClCompile>
    <ClCompile Include="drv\port\rf_async_communication_diff_rtn310.cpp">
      <Filter>源文件</Filter>
    </ClCompile>
    <ClCompile Include="common\source\rf_cmdutil.cpp">
      <Filter>源文件</Filter>
    </ClCompile>
    <ClCompile Include="app\source\rf_acm.cpp">
      <Filter>源文件</Filter>
    </ClCompile>
    <ClCompile Include="app\source\rf_anten.cpp">
      <Filter>源文件</Filter>
    </ClCompile>
    <ClCompile Include="app\source\rf_atpc.cpp">
      <Filter>源文件</Filter>
    </ClCompile>
    <ClCompile Include="app\source\rf_cfgalm.cpp">
      <Filter>源文件</Filter>
    </ClCompile>
    <ClCompile Include="app\source\rf_dpd.cpp">
      <Filter>源文件</Filter>
    </ClCompile>
    <ClCompile Include="app\source\rf_fademargin.cpp">
      <Filter>源文件</Filter>
    </ClCompile>
    <ClCompile Include="app\source\rf_freqscan_base.cpp">
      <Filter>源文件</Filter>
    </ClCompile>
    <ClCompile Include="app\source\rf_maincfg.cpp">
      <Filter>源文件</Filter>
    </ClCompile>
    <ClCompile Include="app\source\rf_softmgr.cpp">
      <Filter>源文件</Filter>
    </ClCompile>
    <ClCompile Include="app\source\rf_oam.cpp">
      <Filter>源文件</Filter>
    </ClCompile>
    <ClCompile Include="app\port\rf_freqscan.cpp">
      <Filter>源文件</Filter>
    </ClCompile>
    <ClCompile Include="app\port\rf_freqscan_ex.cpp">
      <Filter>源文件</Filter>
    </ClCompile>
    <ClCompile Include="app\source\rf_almper.cpp">
      <Filter>源文件</Filter>
    </ClCompile>
    <ClCompile Include="app\source\rf_notify.cpp">
      <Filter>源文件</Filter>
    </ClCompile>
    <ClCompile Include="app\port\rf_controlmediator_diff_rtn310.cpp">
      <Filter>源文件</Filter>
    </ClCompile>
    <ClCompile Include="app\port\rf_controlmediator_diff_rtn380R2.cpp">
      <Filter>源文件</Filter>
    </ClCompile>
    <ClCompile Include="app\port\rf_controlmediator_diff_rtn380R1.cpp">
      <Filter>源文件</Filter>
    </ClCompile>
    <ClCompile Include="app\port\rf_controlmediator_diff_rtn360.cpp">
      <Filter>源文件</Filter>
    </ClCompile>
    <ClCompile Include="app\source\rf_controlmediator.cpp">
      <Filter>源文件</Filter>
    </ClCompile>
    <ClCompile Include="common\source\rf_tr_status.cpp">
      <Filter>源文件</Filter>
    </ClCompile>
    <ClCompile Include="common\source\rf_tr_cfg.cpp">
      <Filter>源文件</Filter>
    </ClCompile>
    <ClCompile Include="common\source\rf_tr_basicinfo.cpp">
      <Filter>源文件</Filter>
    </ClCompile>
    <ClCompile Include="drv\port\rf_async_prtclmgr_diff_rtn310.cpp">
      <Filter>drv\port</Filter>
    </ClCompile>
    <ClCompile Include="drv\port\rf_async_prtclmgr_diff_rtn380R1.cpp">
      <Filter>drv\port</Filter>
    </ClCompile>
    <ClCompile Include="drv\source\rf_cmdlist.cpp">
      <Filter>drv\source</Filter>
    </ClCompile>
    <ClCompile Include="drv\port\rf_async_communication_diff_rtn380R1.cpp">
      <Filter>源文件</Filter>
    </ClCompile>
  </ItemGroup>
  <ItemGroup>
    <ResourceCompile Include="rfproject.rc">
      <Filter>资源文件</Filter>
    </ResourceCompile>
  </ItemGroup>
</Project>